// !$*UTF8*$!
{
	archiveVersion = 1;
	classes = {
	};
	objectVersion = 46;
	objects = {

/* Begin PBXBuildFile section */
		18610F821A4E85D200C4DC8E /* common.cpp in Sources */ = {isa = PBXBuildFile; fileRef = 18610F811A4E85D200C4DC8E /* common.cpp */; };
		1888A3E11A4FFCF1008CCB5E /* HashTable.cpp in Sources */ = {isa = PBXBuildFile; fileRef = 1888A3DF1A4FFCF1008CCB5E /* HashTable.cpp */; };
		189F481A1A40643D00837A26 /* library.cpp in Sources */ = {isa = PBXBuildFile; fileRef = 189F48181A40643D00837A26 /* library.cpp */; };
		18C295E01A3EE4D1003ED771 /* book.cpp in Sources */ = {isa = PBXBuildFile; fileRef = 18C295DB1A3EE4D1003ED771 /* book.cpp */; };
		18C295E31A3EE4DF003ED771 /* main.cpp in Sources */ = {isa = PBXBuildFile; fileRef = 18C295E21A3EE4DF003ED771 /* main.cpp */; };
		18C295EB1A3EECEC003ED771 /* reader.cpp in Sources */ = {isa = PBXBuildFile; fileRef = 18C295E91A3EECEC003ED771 /* reader.cpp */; };
/* End PBXBuildFile section */

/* Begin PBXCopyFilesBuildPhase section */
		18C295CF1A3EE490003ED771 /* CopyFiles */ = {
			isa = PBXCopyFilesBuildPhase;
			buildActionMask = 2147483647;
			dstPath = /usr/share/man/man1/;
			dstSubfolderSpec = 0;
			files = (
			);
			runOnlyForDeploymentPostprocessing = 1;
		};
/* End PBXCopyFilesBuildPhase section */

/* Begin PBXFileReference section */
		18610F811A4E85D200C4DC8E /* common.cpp */ = {isa = PBXFileReference; fileEncoding = 4; lastKnownFileType = sourcecode.cpp.cpp; path = common.cpp; sourceTree = "<group>"; };
		1888A3DF1A4FFCF1008CCB5E /* HashTable.cpp */ = {isa = PBXFileReference; fileEncoding = 4; lastKnownFileType = sourcecode.cpp.cpp; path = HashTable.cpp; sourceTree = "<group>"; };
		1888A3E01A4FFCF1008CCB5E /* HashTable.h */ = {isa = PBXFileReference; fileEncoding = 4; lastKnownFileType = sourcecode.c.h; path = HashTable.h; sourceTree = "<group>"; };
		1888A3E41A5029D5008CCB5E /* node.h */ = {isa = PBXFileReference; fileEncoding = 4; lastKnownFileType = sourcecode.c.h; path = node.h; sourceTree = "<group>"; };
		189F48181A40643D00837A26 /* library.cpp */ = {isa = PBXFileReference; fileEncoding = 4; lastKnownFileType = sourcecode.cpp.cpp; path = library.cpp; sourceTree = "<group>"; };
		189F48191A40643D00837A26 /* library.h */ = {isa = PBXFileReference; fileEncoding = 4; lastKnownFileType = sourcecode.c.h; path = library.h; sourceTree = "<group>"; };
		18C295D11A3EE490003ED771 /* LibraryWho */ = {isa = PBXFileReference; explicitFileType = "compiled.mach-o.executable"; includeInIndex = 0; path = LibraryWho; sourceTree = BUILT_PRODUCTS_DIR; };
		18C295DB1A3EE4D1003ED771 /* book.cpp */ = {isa = PBXFileReference; fileEncoding = 4; lastKnownFileType = sourcecode.cpp.cpp; path = book.cpp; sourceTree = "<group>"; };
		18C295DC1A3EE4D1003ED771 /* book.h */ = {isa = PBXFileReference; fileEncoding = 4; lastKnownFileType = sourcecode.c.h; path = book.h; sourceTree = "<group>"; };
		18C295E21A3EE4DF003ED771 /* main.cpp */ = {isa = PBXFileReference; fileEncoding = 4; lastKnownFileType = sourcecode.cpp.cpp; path = main.cpp; sourceTree = "<group>"; };
		18C295E91A3EECEC003ED771 /* reader.cpp */ = {isa = PBXFileReference; fileEncoding = 4; lastKnownFileType = sourcecode.cpp.cpp; path = reader.cpp; sourceTree = "<group>"; };
		18C295EA1A3EECEC003ED771 /* reader.h */ = {isa = PBXFileReference; fileEncoding = 4; lastKnownFileType = sourcecode.c.h; path = reader.h; sourceTree = "<group>"; };
		18C295EC1A3EF22B003ED771 /* common.h */ = {isa = PBXFileReference; lastKnownFileType = sourcecode.c.h; path = common.h; sourceTree = "<group>"; };
/* End PBXFileReference section */

/* Begin PBXFrameworksBuildPhase section */
		18C295CE1A3EE490003ED771 /* Frameworks */ = {
			isa = PBXFrameworksBuildPhase;
			buildActionMask = 2147483647;
			files = (
			);
			runOnlyForDeploymentPostprocessing = 0;
		};
/* End PBXFrameworksBuildPhase section */

/* Begin PBXGroup section */
		18C295C81A3EE490003ED771 = {
			isa = PBXGroup;
			children = (
				18C295D31A3EE490003ED771 /* LibraryWho */,
				18C295D21A3EE490003ED771 /* Products */,
			);
			sourceTree = "<group>";
		};
		18C295D21A3EE490003ED771 /* Products */ = {
			isa = PBXGroup;
			children = (
				18C295D11A3EE490003ED771 /* LibraryWho */,
			);
			name = Products;
			sourceTree = "<group>";
		};
		18C295D31A3EE490003ED771 /* LibraryWho */ = {
			isa = PBXGroup;
			children = (
				18C295DB1A3EE4D1003ED771 /* book.cpp */,
				18C295DC1A3EE4D1003ED771 /* book.h */,
				18610F811A4E85D200C4DC8E /* common.cpp */,
				18C295EC1A3EF22B003ED771 /* common.h */,
				1888A3DF1A4FFCF1008CCB5E /* HashTable.cpp */,
				1888A3E01A4FFCF1008CCB5E /* HashTable.h */,
				189F48181A40643D00837A26 /* library.cpp */,
				189F48191A40643D00837A26 /* library.h */,
				18C295E21A3EE4DF003ED771 /* main.cpp */,
				1888A3E41A5029D5008CCB5E /* node.h */,
				18C295E91A3EECEC003ED771 /* reader.cpp */,
				18C295EA1A3EECEC003ED771 /* reader.h */,
			);
			path = LibraryWho;
			sourceTree = "<group>";
		};
/* End PBXGroup section */

/* Begin PBXNativeTarget section */
		18C295D01A3EE490003ED771 /* LibraryWho */ = {
			isa = PBXNativeTarget;
			buildConfigurationList = 18C295D81A3EE490003ED771 /* Build configuration list for PBXNativeTarget "LibraryWho" */;
			buildPhases = (
				18C295CD1A3EE490003ED771 /* Sources */,
				18C295CE1A3EE490003ED771 /* Frameworks */,
				18C295CF1A3EE490003ED771 /* CopyFiles */,
			);
			buildRules = (
			);
			dependencies = (
			);
			name = LibraryWho;
			productName = LibraryWho;
			productReference = 18C295D11A3EE490003ED771 /* LibraryWho */;
			productType = "com.apple.product-type.tool";
		};
/* End PBXNativeTarget section */

/* Begin PBXProject section */
		18C295C91A3EE490003ED771 /* Project object */ = {
			isa = PBXProject;
			attributes = {
				LastUpgradeCheck = 0610;
				ORGANIZATIONNAME = Whoami;
				TargetAttributes = {
					18C295D01A3EE490003ED771 = {
						CreatedOnToolsVersion = 6.1.1;
					};
				};
			};
			buildConfigurationList = 18C295CC1A3EE490003ED771 /* Build configuration list for PBXProject "LibraryWho" */;
			compatibilityVersion = "Xcode 3.2";
			developmentRegion = English;
			hasScannedForEncodings = 0;
			knownRegions = (
				en,
			);
			mainGroup = 18C295C81A3EE490003ED771;
			productRefGroup = 18C295D21A3EE490003ED771 /* Products */;
			projectDirPath = "";
			projectRoot = "";
			targets = (
				18C295D01A3EE490003ED771 /* LibraryWho */,
			);
		};
/* End PBXProject section */

/* Begin PBXSourcesBuildPhase section */
		18C295CD1A3EE490003ED771 /* Sources */ = {
			isa = PBXSourcesBuildPhase;
			buildActionMask = 2147483647;
			files = (
				189F481A1A40643D00837A26 /* library.cpp in Sources */,
				18C295E01A3EE4D1003ED771 /* book.cpp in Sources */,
				18610F821A4E85D200C4DC8E /* common.cpp in Sources */,
				1888A3E11A4FFCF1008CCB5E /* HashTable.cpp in Sources */,
				18C295EB1A3EECEC003ED771 /* reader.cpp in Sources */,
				18C295E31A3EE4DF003ED771 /* main.cpp in Sources */,
			);
			runOnlyForDeploymentPostprocessing = 0;
		};
/* End PBXSourcesBuildPhase section */

/* Begin XCBuildConfiguration section */
		18C295D61A3EE490003ED771 /* Debug */ = {
			isa = XCBuildConfiguration;
			buildSettings = {
				ALWAYS_SEARCH_USER_PATHS = NO;
				CLANG_CXX_LANGUAGE_STANDARD = "gnu++0x";
				CLANG_CXX_LIBRARY = "libc++";
				CLANG_ENABLE_MODULES = YES;
				CLANG_ENABLE_OBJC_ARC = YES;
				CLANG_WARN_BOOL_CONVERSION = YES;
				CLANG_WARN_CONSTANT_CONVERSION = YES;
				CLANG_WARN_DIRECT_OBJC_ISA_USAGE = YES_ERROR;
				CLANG_WARN_EMPTY_BODY = YES;
				CLANG_WARN_ENUM_CONVERSION = YES;
				CLANG_WARN_INT_CONVERSION = YES;
				CLANG_WARN_OBJC_ROOT_CLASS = YES_ERROR;
				CLANG_WARN_UNREACHABLE_CODE = YES;
				CLANG_WARN__DUPLICATE_METHOD_MATCH = YES;
				COPY_PHASE_STRIP = NO;
				ENABLE_STRICT_OBJC_MSGSEND = YES;
				GCC_C_LANGUAGE_STANDARD = gnu99;
				GCC_DYNAMIC_NO_PIC = NO;
				GCC_OPTIMIZATION_LEVEL = 0;
				GCC_PREPROCESSOR_DEFINITIONS = (
					"DEBUG=1",
					"$(inherited)",
				);
				GCC_SYMBOLS_PRIVATE_EXTERN = NO;
				GCC_WARN_64_TO_32_BIT_CONVERSION = YES;
				GCC_WARN_ABOUT_RETURN_TYPE = YES_ERROR;
				GCC_WARN_UNDECLARED_SELECTOR = YES;
				GCC_WARN_UNINITIALIZED_AUTOS = YES_AGGRESSIVE;
				GCC_WARN_UNUSED_FUNCTION = YES;
				GCC_WARN_UNUSED_VARIABLE = YES;
				MACOSX_DEPLOYMENT_TARGET = 10.10;
				MTL_ENABLE_DEBUG_INFO = YES;
				ONLY_ACTIVE_ARCH = YES;
				SDKROOT = macosx;
			};
			name = Debug;
		};
		18C295D71A3EE490003ED771 /* Release */ = {
			isa = XCBuildConfiguration;
			buildSettings = {
				ALWAYS_SEARCH_USER_PATHS = NO;
				CLANG_CXX_LANGUAGE_STANDARD = "gnu++0x";
				CLANG_CXX_LIBRARY = "libc++";
				CLANG_ENABLE_MODULES = YES;
				CLANG_ENABLE_OBJC_ARC = YES;
				CLANG_WARN_BOOL_CONVERSION = YES;
				CLANG_WARN_CONSTANT_CONVERSION = YES;
				CLANG_WARN_DIRECT_OBJC_ISA_USAGE = YES_ERROR;
				CLANG_WARN_EMPTY_BODY = YES;
				CLANG_WARN_ENUM_CONVERSION = YES;
				CLANG_WARN_INT_CONVERSION = YES;
				CLANG_WARN_OBJC_ROOT_CLASS = YES_ERROR;
				CLANG_WARN_UNREACHABLE_CODE = YES;
				CLANG_WARN__DUPLICATE_METHOD_MATCH = YES;
				COPY_PHASE_STRIP = YES;
				DEBUG_INFORMATION_FORMAT = "dwarf-with-dsym";
				ENABLE_NS_ASSERTIONS = NO;
				ENABLE_STRICT_OBJC_MSGSEND = YES;
				GCC_C_LANGUAGE_STANDARD = gnu99;
				GCC_WARN_64_TO_32_BIT_CONVERSION = YES;
				GCC_WARN_ABOUT_RETURN_TYPE = YES_ERROR;
				GCC_WARN_UNDECLARED_SELECTOR = YES;
				GCC_WARN_UNINITIALIZED_AUTOS = YES_AGGRESSIVE;
				GCC_WARN_UNUSED_FUNCTION = YES;
				GCC_WARN_UNUSED_VARIABLE = YES;
				MACOSX_DEPLOYMENT_TARGET = 10.10;
				MTL_ENABLE_DEBUG_INFO = NO;
				SDKROOT = macosx;
			};
			name = Release;
		};
		18C295D91A3EE490003ED771 /* Debug */ = {
			isa = XCBuildConfiguration;
			buildSettings = {
				CURRENT_PROJECT_VERSION = 0.1;
				PRODUCT_NAME = "$(TARGET_NAME)";
				VERSIONING_SYSTEM = "apple-generic";
			};
			name = Debug;
		};
		18C295DA1A3EE490003ED771 /* Release */ = {
			isa = XCBuildConfiguration;
			buildSettings = {
				CURRENT_PROJECT_VERSION = 0.1;
				PRODUCT_NAME = "$(TARGET_NAME)";
				VERSIONING_SYSTEM = "apple-generic";
			};
			name = Release;
		};
/* End XCBuildConfiguration section */

/* Begin XCConfigurationList section */
		18C295CC1A3EE490003ED771 /* Build configuration list for PBXProject "LibraryWho" */ = {
			isa = XCConfigurationList;
			buildConfigurations = (
				18C295D61A3EE490003ED771 /* Debug */,
				18C295D71A3EE490003ED771 /* Release */,
			);
			defaultConfigurationIsVisible = 0;
			defaultConfigurationName = Release;
		};
		18C295D81A3EE490003ED771 /* Build configuration list for PBXNativeTarget "LibraryWho" */ = {
			isa = XCConfigurationList;
			buildConfigurations = (
				18C295D91A3EE490003ED771 /* Debug */,
				18C295DA1A3EE490003ED771 /* Release */,
			);
			defaultConfigurationIsVisible = 0;
			defaultConfigurationName = Release;
		};
/* End XCConfigurationList section */
	};
	rootObject = 18C295C91A3EE490003ED771 /* Project object */;
}
